{
  "name": "pro-vision",
  "lockfileVersion": 3,
  "requires": true,
  "packages": {
    "": {
      "name": "pro-vision",
      "devDependencies": {
        "foundry-local-sdk": "2.1.0"
      },
      "version": "0.1.0"
    },
    "node_modules/adm-zip": {
      "version": "0.6.1",
      "resolved": "https://registry.npmjs.org/adm-zip/-/adm-zip-0.6.1.tgz",
      "integrity": "sha512-Xwrja8nx9e5o2N1my4DsKCeKpdrnACyr1wtbPxBDgGzKzKyE9kRtBFA8mWldI+RVlD7CBZNWY/wQ2+ydwOR6kQ==",
      "dev": true,
      "license": "MIT",
      "engines": {
        "node": ">=14.0"
      }
    },
    "node_modules/foundry-local-sdk": {
      "version": "2.1.0",
      "resolved": "https://registry.npmjs.org/foundry-local-sdk/-/foundry-local-sdk-2.1.0.tgz",
      "integrity": "sha512-sUgF+O7uHGVj3bInufe9nmj2SDry06dKGfVLpg9Y1TPPk/hxZEDAk2QPtU13eGZ0k7SIP3OOZFTkmvbtT+TPrw==",
      "dev": true,
      "hasInstallScript": true,
      "license": "MIT",
      "dependencies": {
        "adm-zip": "^0.6.0",
        "node-addon-api": "^8.2.2"
      },
      "engines": {
        "node": ">=20"
      }
    },
    "node_modules/node-addon-api": {
      "version": "8.9.2",
      "resolved": "https://registry.npmjs.org/node-addon-api/-/node-addon-api-8.9.2.tgz",
      "integrity": "sha512-VijLXbi3UACN69I0JVXJsX4tjACjNoQDgv2gTF6sx2wWEi8tkSg2eX8p5gSIFi8z2+DL3oHmY6OyKce38SDolg==",
      "dev": true,
      "license": "MIT",
      "engines": {
        "node": "^18 || ^20 || >= 21"
      }
    }
  },
  "version": "0.1.0"
}
